<?xml version="1.0" encoding="UTF-8" standalone="yes" ?>
<CodeBlocks_project_file>
	<FileVersion major="1" minor="6" />
	<Project>
		<Option title="app" />
		<Option pch_mode="2" />
		<Option compiler="gcc" />
		<Build>
			<Target title="Debug">
				<Option output="../../../stage/x86/app" prefix_auto="0" extension_auto="0" />
				<Option working_dir="../../../stage/x86/" />
				<Option object_output="../../../time/intermediate/nodeapp/app" />
				<Option type="0" />
				<Option compiler="gcc" />
				<Option parameters=": app=app-core/hellomultiverse build_number=basis locale=_std schema=_std install" />
				<Option host_application="/ca2/stage/x86/app" />
				<Compiler>
					<Add option="-std=c++0x" />
					<Add option="-g" />
					<Add option="-fPIC" />
					<Add directory="." />
					<Add directory=".." />
					<Add directory="../.." />
					<Add directory="../../../app/appseed/ca" />
					<Add directory="../../../app/appseed/ca2" />
					<Add directory="../../../app/appseed" />
					<Add directory="../../../app" />
					<Add directory="../../../app/thirdparty/include" />
					<Add directory="../../.." />
				</Compiler>
			</Target>
		</Build>
		<Compiler>
			<Add option="-fexceptions" />
			<Add option="-fnon-call-exceptions" />
			<Add option="-D_DEBUG" />
		</Compiler>
		<Linker>
			<Add option="-Wl,-rpath,\\$$ORIGIN" />
			<Add option="-lca2c" />
			<Add option="-lca2optca" />
			<Add option="-lca2ca" />
			<Add option="-lca2" />
			<Add option="-lca2os" />
			<Add option="-lcairo" />
			<Add option="-lfreetype" />
			<Add option="-lmysqlclient" />
			<Add option="-lssl" />
			<Add directory="../../../stage/x86" />
		</Linker>
		<Unit filename="app.cpp" />
		<Unit filename="framework.h">
			<Option compile="1" />
			<Option weight="0" />
		</Unit>
		<Extensions>
			<code_completion />
			<debugger>
				<search_path add="/ca2/app/appseed/ca/" />
			</debugger>
		</Extensions>
	</Project>
</CodeBlocks_project_file>
