<?xml version="1.0" encoding="UTF-8" standalone="yes" ?>
<CodeBlocks_project_file>
	<FileVersion major="1" minor="6" />
	<Project>
		<Option title="app" />
		<Option pch_mode="2" />
		<Option compiler="gcc" />
		<Build>
			<Target title="Debug">
				<Option output="../../stage/x86/liblinux" prefix_auto="1" extension_auto="1" />
				<Option object_output="../../time/intermediate/nodeapp/linux" />
				<Option type="3" />
				<Option compiler="gcc" />
				<Option createDefFile="1" />
				<Option createStaticLib="1" />
				<Compiler>
					<Add option="-std=c++0x" />
					<Add option="-g" />
					<Add option="-fPIC" />
					<Add directory="." />
					<Add directory=".." />
					<Add directory="../.." />
					<Add directory="../../../app/appseed/ca" />
					<Add directory="../../../app/appseed/ca2" />
					<Add directory="../../../app/appseed" />
					<Add directory="../../../app" />
					<Add directory="../../../app/thirdparty/include" />
				</Compiler>
			</Target>
		</Build>
		<Compiler>
			<Add option="-fexceptions" />
			<Add option="-D_DEBUG" />
		</Compiler>
		<Unit filename="app.cpp" />
		<Unit filename="framework.h">
			<Option compile="1" />
			<Option weight="0" />
		</Unit>
		<Extensions>
			<code_completion />
			<debugger />
		</Extensions>
	</Project>
</CodeBlocks_project_file>
